
Microsoft Visual Studio Solution File, Format Version 12.00
# Visual Studio Version 17
VisualStudioVersion = 17.10.35122.118
MinimumVisualStudioVersion = 10.0.40219.1
Project("{FAE04EC0-301F-11D3-BF4B-00C04F79EFBC}") = "crud dot net api", "crud dot net api\crud dot net api.csproj", "{A6C13A3C-D915-4F3B-AE33-689698430859}"
EndProject
Global
	GlobalSection(SolutionConfigurationPlatforms) = preSolution
		Debug|Any CPU = Debug|Any CPU
		Release|Any CPU = Release|Any CPU
	EndGlobalSection
	GlobalSection(ProjectConfigurationPlatforms) = postSolution
		{A6C13A3C-D915-4F3B-AE33-689698430859}.Debug|Any CPU.ActiveCfg = Debug|Any CPU
		{A6C13A3C-D915-4F3B-AE33-689698430859}.Debug|Any CPU.Build.0 = Debug|Any CPU
		{A6C13A3C-D915-4F3B-AE33-689698430859}.Release|Any CPU.ActiveCfg = Release|Any CPU
		{A6C13A3C-D915-4F3B-AE33-689698430859}.Release|Any CPU.Build.0 = Release|Any CPU
	EndGlobalSection
	GlobalSection(SolutionProperties) = preSolution
		HideSolutionNode = FALSE
	EndGlobalSection
	GlobalSection(ExtensibilityGlobals) = postSolution
		SolutionGuid = {83F45459-5E69-450F-A3A2-91ABBD54D4A9}
	EndGlobalSection
EndGlobal
